
Microsoft Visual Studio Solution File, Format Version 12.00
# Visual Studio Version 17
VisualStudioVersion = 17.13.35806.99
MinimumVisualStudioVersion = 10.0.40219.1
Project("{FAE04EC0-301F-11D3-BF4B-00C04F79EFBC}") = "AcademiaFS.HomeJourney.WebAPI", "AcademiaFS.HomeJourney.WebAPI\AcademiaFS.HomeJourney.WebAPI.csproj", "{3AAA619E-D0D0-46A3-A4A6-D51E18345F46}"
EndProject
Project("{FAE04EC0-301F-11D3-BF4B-00C04F79EFBC}") = "HomeJourne.UnitTest", "HomeJourne.UnitTest\HomeJourne.UnitTest.csproj", "{AD762098-FD18-4E57-B503-704A09770ABE}"
EndProject
Project("{FAE04EC0-301F-11D3-BF4B-00C04F79EFBC}") = "HomeJourney.IntegrationTest", "HomeJourney.IntegrationTest\HomeJourney.IntegrationTest.csproj", "{A98EE2D6-839F-4C9B-A44B-257871A1B87E}"
EndProject
Global
	GlobalSection(SolutionConfigurationPlatforms) = preSolution
		Debug|Any CPU = Debug|Any CPU
		Release|Any CPU = Release|Any CPU
	EndGlobalSection
	GlobalSection(ProjectConfigurationPlatforms) = postSolution
		{3AAA619E-D0D0-46A3-A4A6-D51E18345F46}.Debug|Any CPU.ActiveCfg = Debug|Any CPU
		{3AAA619E-D0D0-46A3-A4A6-D51E18345F46}.Debug|Any CPU.Build.0 = Debug|Any CPU
		{3AAA619E-D0D0-46A3-A4A6-D51E18345F46}.Release|Any CPU.ActiveCfg = Release|Any CPU
		{3AAA619E-D0D0-46A3-A4A6-D51E18345F46}.Release|Any CPU.Build.0 = Release|Any CPU
		{AD762098-FD18-4E57-B503-704A09770ABE}.Debug|Any CPU.ActiveCfg = Debug|Any CPU
		{AD762098-FD18-4E57-B503-704A09770ABE}.Debug|Any CPU.Build.0 = Debug|Any CPU
		{AD762098-FD18-4E57-B503-704A09770ABE}.Release|Any CPU.ActiveCfg = Release|Any CPU
		{AD762098-FD18-4E57-B503-704A09770ABE}.Release|Any CPU.Build.0 = Release|Any CPU
		{A98EE2D6-839F-4C9B-A44B-257871A1B87E}.Debug|Any CPU.ActiveCfg = Debug|Any CPU
		{A98EE2D6-839F-4C9B-A44B-257871A1B87E}.Debug|Any CPU.Build.0 = Debug|Any CPU
		{A98EE2D6-839F-4C9B-A44B-257871A1B87E}.Release|Any CPU.ActiveCfg = Release|Any CPU
		{A98EE2D6-839F-4C9B-A44B-257871A1B87E}.Release|Any CPU.Build.0 = Release|Any CPU
	EndGlobalSection
	GlobalSection(SolutionProperties) = preSolution
		HideSolutionNode = FALSE
	EndGlobalSection
	GlobalSection(ExtensibilityGlobals) = postSolution
		SolutionGuid = {8D78F1DE-A529-4CC6-8D7F-1963705BB308}
	EndGlobalSection
EndGlobal
